
Microsoft Visual Studio Solution File, Format Version 12.00
# Visual Studio Version 17
VisualStudioVersion = 17.8.34322.80
MinimumVisualStudioVersion = 10.0.40219.1
Project("{9A19103F-16F7-4668-BE54-9A1E7A4F7556}") = "ShoppestWeb", "ShoppestWeb\ShoppestWeb.csproj", "{47C1EC24-364C-4376-B1F2-398DA406B3A5}"
EndProject
Project("{FAE04EC0-301F-11D3-BF4B-00C04F79EFBC}") = "Shoppest.DataAccess", "Shoppest.DataAccess\Shoppest.DataAccess.csproj", "{13038FA5-761F-48DD-9CF8-FA0620DA2ECE}"
EndProject
Project("{FAE04EC0-301F-11D3-BF4B-00C04F79EFBC}") = "Shoppest.Models", "Shoppest.Models\Shoppest.Models.csproj", "{509D7971-AC60-46C4-89EB-D41DF0AA49EA}"
EndProject
Project("{FAE04EC0-301F-11D3-BF4B-00C04F79EFBC}") = "Shoppest.Utility", "Shoppest.Utility\Shoppest.Utility.csproj", "{28E14585-B13E-4E83-B8E1-B43E5FC0063D}"
EndProject
Global
	GlobalSection(SolutionConfigurationPlatforms) = preSolution
		Debug|Any CPU = Debug|Any CPU
		Release|Any CPU = Release|Any CPU
	EndGlobalSection
	GlobalSection(ProjectConfigurationPlatforms) = postSolution
		{47C1EC24-364C-4376-B1F2-398DA406B3A5}.Debug|Any CPU.ActiveCfg = Debug|Any CPU
		{47C1EC24-364C-4376-B1F2-398DA406B3A5}.Debug|Any CPU.Build.0 = Debug|Any CPU
		{47C1EC24-364C-4376-B1F2-398DA406B3A5}.Release|Any CPU.ActiveCfg = Release|Any CPU
		{47C1EC24-364C-4376-B1F2-398DA406B3A5}.Release|Any CPU.Build.0 = Release|Any CPU
		{13038FA5-761F-48DD-9CF8-FA0620DA2ECE}.Debug|Any CPU.ActiveCfg = Debug|Any CPU
		{13038FA5-761F-48DD-9CF8-FA0620DA2ECE}.Debug|Any CPU.Build.0 = Debug|Any CPU
		{13038FA5-761F-48DD-9CF8-FA0620DA2ECE}.Release|Any CPU.ActiveCfg = Release|Any CPU
		{13038FA5-761F-48DD-9CF8-FA0620DA2ECE}.Release|Any CPU.Build.0 = Release|Any CPU
		{509D7971-AC60-46C4-89EB-D41DF0AA49EA}.Debug|Any CPU.ActiveCfg = Debug|Any CPU
		{509D7971-AC60-46C4-89EB-D41DF0AA49EA}.Debug|Any CPU.Build.0 = Debug|Any CPU
		{509D7971-AC60-46C4-89EB-D41DF0AA49EA}.Release|Any CPU.ActiveCfg = Release|Any CPU
		{509D7971-AC60-46C4-89EB-D41DF0AA49EA}.Release|Any CPU.Build.0 = Release|Any CPU
		{28E14585-B13E-4E83-B8E1-B43E5FC0063D}.Debug|Any CPU.ActiveCfg = Debug|Any CPU
		{28E14585-B13E-4E83-B8E1-B43E5FC0063D}.Debug|Any CPU.Build.0 = Debug|Any CPU
		{28E14585-B13E-4E83-B8E1-B43E5FC0063D}.Release|Any CPU.ActiveCfg = Release|Any CPU
		{28E14585-B13E-4E83-B8E1-B43E5FC0063D}.Release|Any CPU.Build.0 = Release|Any CPU
	EndGlobalSection
	GlobalSection(SolutionProperties) = preSolution
		HideSolutionNode = FALSE
	EndGlobalSection
	GlobalSection(ExtensibilityGlobals) = postSolution
		SolutionGuid = {0DF98E36-1487-4101-8617-8B9E1B6C46E7}
	EndGlobalSection
EndGlobal
